{
  "originHash" : "730bc6471edc6a19f698145fecfd3d30b4912b102b958d0ce0667af4fdfaa587",
  "pins" : [
    {
      "identity" : "uikithelper",
      "kind" : "remoteSourceControl",
      "location" : "https://github.com/rajasekar259/UIKitHelper",
      "state" : {
        "revision" : "c5af7b427af4c516563d6d1502fa4aeba6e593b0",
        "version" : "1.1.0"
      }
    }
  ],
  "version" : 3
}
